
Microsoft Visual Studio Solution File, Format Version 12.00
# Visual Studio 15
VisualStudioVersion = 15.0.27004.2009
MinimumVisualStudioVersion = 10.0.40219.1
Project("{FAE04EC0-301F-11D3-BF4B-00C04F79EFBC}") = "MessageBoardBackend", "MessageBoardBackend\MessageBoardBackend.csproj", "{BD2B08E1-AB70-4510-9162-CDE8330A3F2D}"
EndProject
Global
	GlobalSection(SolutionConfigurationPlatforms) = preSolution
		Debug|Any CPU = Debug|Any CPU
		Release|Any CPU = Release|Any CPU
	EndGlobalSection
	GlobalSection(ProjectConfigurationPlatforms) = postSolution
		{BD2B08E1-AB70-4510-9162-CDE8330A3F2D}.Debug|Any CPU.ActiveCfg = Debug|Any CPU
		{BD2B08E1-AB70-4510-9162-CDE8330A3F2D}.Debug|Any CPU.Build.0 = Debug|Any CPU
		{BD2B08E1-AB70-4510-9162-CDE8330A3F2D}.Release|Any CPU.ActiveCfg = Release|Any CPU
		{BD2B08E1-AB70-4510-9162-CDE8330A3F2D}.Release|Any CPU.Build.0 = Release|Any CPU
	EndGlobalSection
	GlobalSection(SolutionProperties) = preSolution
		HideSolutionNode = FALSE
	EndGlobalSection
	GlobalSection(ExtensibilityGlobals) = postSolution
		SolutionGuid = {2C265E6B-CE4E-4B56-B8AC-76E1FCBF6C4C}
	EndGlobalSection
EndGlobal
